// !$*UTF8*$!
{
	archiveVersion = 1;
	classes = {
	};
	objectVersion = 46;
	objects = {

/* Begin PBXBuildFile section */
		37D3F0E21DAE62B400695D99 /* InterestPointViewController.swift in Sources */ = {isa = PBXBuildFile; fileRef = 37D3F0E11DAE62B400695D99 /* InterestPointViewController.swift */; };
		37F2E4171DAD1BC300344D3A /* Podfile in Resources */ = {isa = PBXBuildFile; fileRef = 37F2E4161DAD1BC300344D3A /* Podfile */; };
		B134960E1D7B8A49001427F4 /* Clothing.swift in Sources */ = {isa = PBXBuildFile; fileRef = B134960D1D7B8A49001427F4 /* Clothing.swift */; };
		B13496101D7B8CCB001427F4 /* Constellation.swift in Sources */ = {isa = PBXBuildFile; fileRef = B134960F1D7B8CCB001427F4 /* Constellation.swift */; };
		B13496121D7B8E4D001427F4 /* HeaderInfo.swift in Sources */ = {isa = PBXBuildFile; fileRef = B13496111D7B8E4D001427F4 /* HeaderInfo.swift */; };
		B13496141D7B913C001427F4 /* Phenomenon.swift in Sources */ = {isa = PBXBuildFile; fileRef = B13496131D7B913C001427F4 /* Phenomenon.swift */; };
		B134FF7D1D96E21C00861AE5 /* MapViewController.swift in Sources */ = {isa = PBXBuildFile; fileRef = B134FF7C1D96E21C00861AE5 /* MapViewController.swift */; };
		B134FF7F1D96E24A00861AE5 /* InformationsViewController.swift in Sources */ = {isa = PBXBuildFile; fileRef = B134FF7E1D96E24A00861AE5 /* InformationsViewController.swift */; };
		B134FF811D96E26700861AE5 /* RouteViewController.swift in Sources */ = {isa = PBXBuildFile; fileRef = B134FF801D96E26700861AE5 /* RouteViewController.swift */; };
		B134FF831D96E31B00861AE5 /* AboutViewController.swift in Sources */ = {isa = PBXBuildFile; fileRef = B134FF821D96E31B00861AE5 /* AboutViewController.swift */; };
		B13F46D31D85AD2600FFB7CF /* SWRevealViewController.m in Sources */ = {isa = PBXBuildFile; fileRef = B13F46D21D85AD2600FFB7CF /* SWRevealViewController.m */; };
		B14578DC1DB1C9BF00ADAE23 /* Main.storyboard in Resources */ = {isa = PBXBuildFile; fileRef = B14578DA1DB1C9BF00ADAE23 /* Main.storyboard */; };
		B1516A661DAA73BA00F9D86D /* PhenomenaTableViewController.swift in Sources */ = {isa = PBXBuildFile; fileRef = B1516A651DAA73BA00F9D86D /* PhenomenaTableViewController.swift */; };
		B1516A681DAAF61B00F9D86D /* PhenomenaTableViewCell.swift in Sources */ = {isa = PBXBuildFile; fileRef = B1516A671DAAF61B00F9D86D /* PhenomenaTableViewCell.swift */; };
		B1516A6C1DAB0BD000F9D86D /* ClothingTableViewController.swift in Sources */ = {isa = PBXBuildFile; fileRef = B1516A6B1DAB0BD000F9D86D /* ClothingTableViewController.swift */; };
		B1516A6E1DAB0BE600F9D86D /* ConstellationsTableViewController.swift in Sources */ = {isa = PBXBuildFile; fileRef = B1516A6D1DAB0BE600F9D86D /* ConstellationsTableViewController.swift */; };
		B1516A721DAB17B300F9D86D /* ConstellationTableViewCell.swift in Sources */ = {isa = PBXBuildFile; fileRef = B1516A711DAB17B300F9D86D /* ConstellationTableViewCell.swift */; };
		B1516A741DAB1C6600F9D86D /* ClothingTableViewCell.swift in Sources */ = {isa = PBXBuildFile; fileRef = B1516A731DAB1C6600F9D86D /* ClothingTableViewCell.swift */; };
		B1516A761DAB2C3600F9D86D /* MoonViewController.swift in Sources */ = {isa = PBXBuildFile; fileRef = B1516A751DAB2C3600F9D86D /* MoonViewController.swift */; };
		B1516A7A1DAB319500F9D86D /* MoonCalculator.swift in Sources */ = {isa = PBXBuildFile; fileRef = B1516A791DAB319500F9D86D /* MoonCalculator.swift */; };
		B15DEBDA1D58BB7F00E42E6C /* XmlReader.swift in Sources */ = {isa = PBXBuildFile; fileRef = B15DEBD91D58BB7F00E42E6C /* XmlReader.swift */; };
		B187B5371DB38981005740DD /* StateControlData.swift in Sources */ = {isa = PBXBuildFile; fileRef = B187B5361DB38981005740DD /* StateControlData.swift */; };
		B1CB15F51DB257D9008D983D /* PopoverViewController.swift in Sources */ = {isa = PBXBuildFile; fileRef = B1CB15F41DB257D9008D983D /* PopoverViewController.swift */; };
		B1D481E31DBBCBA400096755 /* Localizable.strings in Resources */ = {isa = PBXBuildFile; fileRef = B1D481E51DBBCBA400096755 /* Localizable.strings */; };
		B1D7AD781D68A64200C8A6AF /* InterestPoint.swift in Sources */ = {isa = PBXBuildFile; fileRef = B1D7AD771D68A64200C8A6AF /* InterestPoint.swift */; };
		B1E9D2351D4B7C8600C9CC45 /* AppDelegate.swift in Sources */ = {isa = PBXBuildFile; fileRef = B1E9D2341D4B7C8600C9CC45 /* AppDelegate.swift */; };
		B1E9D2371D4B7C8600C9CC45 /* ViewController.swift in Sources */ = {isa = PBXBuildFile; fileRef = B1E9D2361D4B7C8600C9CC45 /* ViewController.swift */; };
		B1E9D23C1D4B7C8600C9CC45 /* Assets.xcassets in Resources */ = {isa = PBXBuildFile; fileRef = B1E9D23B1D4B7C8600C9CC45 /* Assets.xcassets */; };
		B1E9D23F1D4B7C8600C9CC45 /* LaunchScreen.storyboard in Resources */ = {isa = PBXBuildFile; fileRef = B1E9D23D1D4B7C8600C9CC45 /* LaunchScreen.storyboard */; };
		B1E9D24A1D4B7C8600C9CC45 /* DarkskyAlquevaIOSTests.swift in Sources */ = {isa = PBXBuildFile; fileRef = B1E9D2491D4B7C8600C9CC45 /* DarkskyAlquevaIOSTests.swift */; };
		B1E9D2551D4B7C8600C9CC45 /* DarkskyAlquevaIOSUITests.swift in Sources */ = {isa = PBXBuildFile; fileRef = B1E9D2541D4B7C8600C9CC45 /* DarkskyAlquevaIOSUITests.swift */; };
		B1EA3F9B1DAC5378007C1F2C /* DatePickerDialog.swift in Sources */ = {isa = PBXBuildFile; fileRef = B1EA3F9A1DAC5378007C1F2C /* DatePickerDialog.swift */; };
		B1EF2D771D933B350064DCEC /* SlideMenuViewController.swift in Sources */ = {isa = PBXBuildFile; fileRef = B1EF2D761D933B350064DCEC /* SlideMenuViewController.swift */; };
		B1FC7EFB1D88DF8300000C61 /* Document.swift in Sources */ = {isa = PBXBuildFile; fileRef = B1FC7EF61D88DF8300000C61 /* Document.swift */; };
		B1FC7EFC1D88DF8300000C61 /* Element.swift in Sources */ = {isa = PBXBuildFile; fileRef = B1FC7EF71D88DF8300000C61 /* Element.swift */; };
		B1FC7EFD1D88DF8300000C61 /* Error.swift in Sources */ = {isa = PBXBuildFile; fileRef = B1FC7EF81D88DF8300000C61 /* Error.swift */; };
		B1FC7EFE1D88DF8300000C61 /* Options.swift in Sources */ = {isa = PBXBuildFile; fileRef = B1FC7EF91D88DF8300000C61 /* Options.swift */; };
		B1FC7EFF1D88DF8300000C61 /* Parser.swift in Sources */ = {isa = PBXBuildFile; fileRef = B1FC7EFA1D88DF8300000C61 /* Parser.swift */; };
		BEB28DB4FD46DA76A65B6F6B /* libPods-DarkskyAlquevaIOS.a in Frameworks */ = {isa = PBXBuildFile; fileRef = 0E3DA2E54EDAFF96A7DC6A31 /* libPods-DarkskyAlquevaIOS.a */; };
/* End PBXBuildFile section */

/* Begin PBXContainerItemProxy section */
		B1E9D2461D4B7C8600C9CC45 /* PBXContainerItemProxy */ = {
			isa = PBXContainerItemProxy;
			containerPortal = B1E9D2291D4B7C8600C9CC45 /* Project object */;
			proxyType = 1;
			remoteGlobalIDString = B1E9D2301D4B7C8600C9CC45;
			remoteInfo = DarkskyAlquevaIOS;
		};
		B1E9D2511D4B7C8600C9CC45 /* PBXContainerItemProxy */ = {
			isa = PBXContainerItemProxy;
			containerPortal = B1E9D2291D4B7C8600C9CC45 /* Project object */;
			proxyType = 1;
			remoteGlobalIDString = B1E9D2301D4B7C8600C9CC45;
			remoteInfo = DarkskyAlquevaIOS;
		};
/* End PBXContainerItemProxy section */

/* Begin PBXFileReference section */
		0E3DA2E54EDAFF96A7DC6A31 /* libPods-DarkskyAlquevaIOS.a */ = {isa = PBXFileReference; explicitFileType = archive.ar; includeInIndex = 0; path = "libPods-DarkskyAlquevaIOS.a"; sourceTree = BUILT_PRODUCTS_DIR; };
		2637EE9F47CE3DE09E5F0D3E /* Pods-DarkskyAlquevaIOS.debug.xcconfig */ = {isa = PBXFileReference; includeInIndex = 1; lastKnownFileType = text.xcconfig; name = "Pods-DarkskyAlquevaIOS.debug.xcconfig"; path = "Pods/Target Support Files/Pods-DarkskyAlquevaIOS/Pods-DarkskyAlquevaIOS.debug.xcconfig"; sourceTree = "<group>"; };
		37D3F0E11DAE62B400695D99 /* InterestPointViewController.swift */ = {isa = PBXFileReference; fileEncoding = 4; lastKnownFileType = sourcecode.swift; path = InterestPointViewController.swift; sourceTree = "<group>"; };
		37F2E4161DAD1BC300344D3A /* Podfile */ = {isa = PBXFileReference; fileEncoding = 4; lastKnownFileType = text; path = Podfile; sourceTree = "<group>"; };
		69E43BEF380239C7419B52C5 /* Pods-DarkskyAlquevaIOS.release.xcconfig */ = {isa = PBXFileReference; includeInIndex = 1; lastKnownFileType = text.xcconfig; name = "Pods-DarkskyAlquevaIOS.release.xcconfig"; path = "Pods/Target Support Files/Pods-DarkskyAlquevaIOS/Pods-DarkskyAlquevaIOS.release.xcconfig"; sourceTree = "<group>"; };
		B134960D1D7B8A49001427F4 /* Clothing.swift */ = {isa = PBXFileReference; fileEncoding = 4; lastKnownFileType = sourcecode.swift; path = Clothing.swift; sourceTree = "<group>"; };
		B134960F1D7B8CCB001427F4 /* Constellation.swift */ = {isa = PBXFileReference; fileEncoding = 4; lastKnownFileType = sourcecode.swift; path = Constellation.swift; sourceTree = "<group>"; };
		B13496111D7B8E4D001427F4 /* HeaderInfo.swift */ = {isa = PBXFileReference; fileEncoding = 4; lastKnownFileType = sourcecode.swift; path = HeaderInfo.swift; sourceTree = "<group>"; };
		B13496131D7B913C001427F4 /* Phenomenon.swift */ = {isa = PBXFileReference; fileEncoding = 4; lastKnownFileType = sourcecode.swift; path = Phenomenon.swift; sourceTree = "<group>"; };
		B134FF7C1D96E21C00861AE5 /* MapViewController.swift */ = {isa = PBXFileReference; fileEncoding = 4; lastKnownFileType = sourcecode.swift; path = MapViewController.swift; sourceTree = "<group>"; };
		B134FF7E1D96E24A00861AE5 /* InformationsViewController.swift */ = {isa = PBXFileReference; fileEncoding = 4; lastKnownFileType = sourcecode.swift; path = InformationsViewController.swift; sourceTree = "<group>"; };
		B134FF801D96E26700861AE5 /* RouteViewController.swift */ = {isa = PBXFileReference; fileEncoding = 4; lastKnownFileType = sourcecode.swift; path = RouteViewController.swift; sourceTree = "<group>"; };
		B134FF821D96E31B00861AE5 /* AboutViewController.swift */ = {isa = PBXFileReference; fileEncoding = 4; lastKnownFileType = sourcecode.swift; path = AboutViewController.swift; sourceTree = "<group>"; };
		B13F46D01D85AD2600FFB7CF /* DarkskyAlquevaIOS-Bridging-Header.h */ = {isa = PBXFileReference; lastKnownFileType = sourcecode.c.h; path = "DarkskyAlquevaIOS-Bridging-Header.h"; sourceTree = "<group>"; };
		B13F46D11D85AD2600FFB7CF /* SWRevealViewController.h */ = {isa = PBXFileReference; fileEncoding = 4; lastKnownFileType = sourcecode.c.h; path = SWRevealViewController.h; sourceTree = "<group>"; };
		B13F46D21D85AD2600FFB7CF /* SWRevealViewController.m */ = {isa = PBXFileReference; fileEncoding = 4; lastKnownFileType = sourcecode.c.objc; path = SWRevealViewController.m; sourceTree = "<group>"; };
		B14578DB1DB1C9BF00ADAE23 /* Base */ = {isa = PBXFileReference; lastKnownFileType = file.storyboard; name = Base; path = Base.lproj/Main.storyboard; sourceTree = "<group>"; };
		B1516A651DAA73BA00F9D86D /* PhenomenaTableViewController.swift */ = {isa = PBXFileReference; fileEncoding = 4; lastKnownFileType = sourcecode.swift; path = PhenomenaTableViewController.swift; sourceTree = "<group>"; };
		B1516A671DAAF61B00F9D86D /* PhenomenaTableViewCell.swift */ = {isa = PBXFileReference; fileEncoding = 4; lastKnownFileType = sourcecode.swift; path = PhenomenaTableViewCell.swift; sourceTree = "<group>"; };
		B1516A6B1DAB0BD000F9D86D /* ClothingTableViewController.swift */ = {isa = PBXFileReference; fileEncoding = 4; lastKnownFileType = sourcecode.swift; path = ClothingTableViewController.swift; sourceTree = "<group>"; };
		B1516A6D1DAB0BE600F9D86D /* ConstellationsTableViewController.swift */ = {isa = PBXFileReference; fileEncoding = 4; lastKnownFileType = sourcecode.swift; path = ConstellationsTableViewController.swift; sourceTree = "<group>"; };
		B1516A711DAB17B300F9D86D /* ConstellationTableViewCell.swift */ = {isa = PBXFileReference; fileEncoding = 4; lastKnownFileType = sourcecode.swift; path = ConstellationTableViewCell.swift; sourceTree = "<group>"; };
		B1516A731DAB1C6600F9D86D /* ClothingTableViewCell.swift */ = {isa = PBXFileReference; fileEncoding = 4; lastKnownFileType = sourcecode.swift; path = ClothingTableViewCell.swift; sourceTree = "<group>"; };
		B1516A751DAB2C3600F9D86D /* MoonViewController.swift */ = {isa = PBXFileReference; fileEncoding = 4; lastKnownFileType = sourcecode.swift; path = MoonViewController.swift; sourceTree = "<group>"; };
		B1516A791DAB319500F9D86D /* MoonCalculator.swift */ = {isa = PBXFileReference; fileEncoding = 4; lastKnownFileType = sourcecode.swift; path = MoonCalculator.swift; sourceTree = "<group>"; };
		B15DEBD91D58BB7F00E42E6C /* XmlReader.swift */ = {isa = PBXFileReference; fileEncoding = 4; lastKnownFileType = sourcecode.swift; path = XmlReader.swift; sourceTree = "<group>"; };
		B17B85091DBAD842002FE60F /* pt-PT */ = {isa = PBXFileReference; lastKnownFileType = text.plist.strings; name = "pt-PT"; path = "pt-PT.lproj/Main.strings"; sourceTree = "<group>"; };
		B17B850A1DBAD842002FE60F /* pt-PT */ = {isa = PBXFileReference; lastKnownFileType = text.plist.strings; name = "pt-PT"; path = "pt-PT.lproj/LaunchScreen.strings"; sourceTree = "<group>"; };
		B187B5361DB38981005740DD /* StateControlData.swift */ = {isa = PBXFileReference; fileEncoding = 4; lastKnownFileType = sourcecode.swift; path = StateControlData.swift; sourceTree = "<group>"; };
		B1CB15F41DB257D9008D983D /* PopoverViewController.swift */ = {isa = PBXFileReference; fileEncoding = 4; lastKnownFileType = sourcecode.swift; path = PopoverViewController.swift; sourceTree = "<group>"; };
		B1D481E11DBBCAA400096755 /* es */ = {isa = PBXFileReference; lastKnownFileType = text.plist.strings; name = es; path = es.lproj/Main.strings; sourceTree = "<group>"; };
		B1D481E21DBBCAA400096755 /* es */ = {isa = PBXFileReference; lastKnownFileType = text.plist.strings; name = es; path = es.lproj/LaunchScreen.strings; sourceTree = "<group>"; };
		B1D481E41DBBCBA400096755 /* Base */ = {isa = PBXFileReference; fileEncoding = 4; lastKnownFileType = text.plist.strings; name = Base; path = Base.lproj/Localizable.strings; sourceTree = "<group>"; };
		B1D481E61DBBCBBD00096755 /* pt-PT */ = {isa = PBXFileReference; fileEncoding = 4; lastKnownFileType = text.plist.strings; name = "pt-PT"; path = "pt-PT.lproj/Localizable.strings"; sourceTree = "<group>"; };
		B1D481E71DBBCBBF00096755 /* es */ = {isa = PBXFileReference; lastKnownFileType = text.plist.strings; name = es; path = es.lproj/Localizable.strings; sourceTree = "<group>"; };
		B1D7AD771D68A64200C8A6AF /* InterestPoint.swift */ = {isa = PBXFileReference; fileEncoding = 4; lastKnownFileType = sourcecode.swift; path = InterestPoint.swift; sourceTree = "<group>"; };
		B1E9D2311D4B7C8600C9CC45 /* DarkskyAlquevaIOS.app */ = {isa = PBXFileReference; explicitFileType = wrapper.application; includeInIndex = 0; path = DarkskyAlquevaIOS.app; sourceTree = BUILT_PRODUCTS_DIR; };
		B1E9D2341D4B7C8600C9CC45 /* AppDelegate.swift */ = {isa = PBXFileReference; lastKnownFileType = sourcecode.swift; path = AppDelegate.swift; sourceTree = "<group>"; };
		B1E9D2361D4B7C8600C9CC45 /* ViewController.swift */ = {isa = PBXFileReference; lastKnownFileType = sourcecode.swift; path = ViewController.swift; sourceTree = "<group>"; };
		B1E9D23B1D4B7C8600C9CC45 /* Assets.xcassets */ = {isa = PBXFileReference; lastKnownFileType = folder.assetcatalog; path = Assets.xcassets; sourceTree = "<group>"; };
		B1E9D23E1D4B7C8600C9CC45 /* Base */ = {isa = PBXFileReference; lastKnownFileType = file.storyboard; name = Base; path = Base.lproj/LaunchScreen.storyboard; sourceTree = "<group>"; };
		B1E9D2401D4B7C8600C9CC45 /* Info.plist */ = {isa = PBXFileReference; lastKnownFileType = text.plist.xml; path = Info.plist; sourceTree = "<group>"; };
		B1E9D2451D4B7C8600C9CC45 /* DarkskyAlquevaIOSTests.xctest */ = {isa = PBXFileReference; explicitFileType = wrapper.cfbundle; includeInIndex = 0; path = DarkskyAlquevaIOSTests.xctest; sourceTree = BUILT_PRODUCTS_DIR; };
		B1E9D2491D4B7C8600C9CC45 /* DarkskyAlquevaIOSTests.swift */ = {isa = PBXFileReference; lastKnownFileType = sourcecode.swift; path = DarkskyAlquevaIOSTests.swift; sourceTree = "<group>"; };
		B1E9D24B1D4B7C8600C9CC45 /* Info.plist */ = {isa = PBXFileReference; lastKnownFileType = text.plist.xml; path = Info.plist; sourceTree = "<group>"; };
		B1E9D2501D4B7C8600C9CC45 /* DarkskyAlquevaIOSUITests.xctest */ = {isa = PBXFileReference; explicitFileType = wrapper.cfbundle; includeInIndex = 0; path = DarkskyAlquevaIOSUITests.xctest; sourceTree = BUILT_PRODUCTS_DIR; };
		B1E9D2541D4B7C8600C9CC45 /* DarkskyAlquevaIOSUITests.swift */ = {isa = PBXFileReference; lastKnownFileType = sourcecode.swift; path = DarkskyAlquevaIOSUITests.swift; sourceTree = "<group>"; };
		B1E9D2561D4B7C8600C9CC45 /* Info.plist */ = {isa = PBXFileReference; lastKnownFileType = text.plist.xml; path = Info.plist; sourceTree = "<group>"; };
		B1EA3F9A1DAC5378007C1F2C /* DatePickerDialog.swift */ = {isa = PBXFileReference; fileEncoding = 4; lastKnownFileType = sourcecode.swift; path = DatePickerDialog.swift; sourceTree = "<group>"; };
		B1EF2D761D933B350064DCEC /* SlideMenuViewController.swift */ = {isa = PBXFileReference; fileEncoding = 4; lastKnownFileType = sourcecode.swift; path = SlideMenuViewController.swift; sourceTree = "<group>"; };
		B1FC7EF61D88DF8300000C61 /* Document.swift */ = {isa = PBXFileReference; fileEncoding = 4; lastKnownFileType = sourcecode.swift; path = Document.swift; sourceTree = "<group>"; };
		B1FC7EF71D88DF8300000C61 /* Element.swift */ = {isa = PBXFileReference; fileEncoding = 4; lastKnownFileType = sourcecode.swift; path = Element.swift; sourceTree = "<group>"; };
		B1FC7EF81D88DF8300000C61 /* Error.swift */ = {isa = PBXFileReference; fileEncoding = 4; lastKnownFileType = sourcecode.swift; path = Error.swift; sourceTree = "<group>"; };
		B1FC7EF91D88DF8300000C61 /* Options.swift */ = {isa = PBXFileReference; fileEncoding = 4; lastKnownFileType = sourcecode.swift; path = Options.swift; sourceTree = "<group>"; };
		B1FC7EFA1D88DF8300000C61 /* Parser.swift */ = {isa = PBXFileReference; fileEncoding = 4; lastKnownFileType = sourcecode.swift; path = Parser.swift; sourceTree = "<group>"; };
/* End PBXFileReference section */

/* Begin PBXFrameworksBuildPhase section */
		B1E9D22E1D4B7C8600C9CC45 /* Frameworks */ = {
			isa = PBXFrameworksBuildPhase;
			buildActionMask = 2147483647;
			files = (
				BEB28DB4FD46DA76A65B6F6B /* libPods-DarkskyAlquevaIOS.a in Frameworks */,
			);
			runOnlyForDeploymentPostprocessing = 0;
		};
		B1E9D2421D4B7C8600C9CC45 /* Frameworks */ = {
			isa = PBXFrameworksBuildPhase;
			buildActionMask = 2147483647;
			files = (
			);
			runOnlyForDeploymentPostprocessing = 0;
		};
		B1E9D24D1D4B7C8600C9CC45 /* Frameworks */ = {
			isa = PBXFrameworksBuildPhase;
			buildActionMask = 2147483647;
			files = (
			);
			runOnlyForDeploymentPostprocessing = 0;
		};
/* End PBXFrameworksBuildPhase section */

/* Begin PBXGroup section */
		5DCFF4EC0BFBDA762D61F3E8 /* Frameworks */ = {
			isa = PBXGroup;
			children = (
				0E3DA2E54EDAFF96A7DC6A31 /* libPods-DarkskyAlquevaIOS.a */,
			);
			name = Frameworks;
			sourceTree = "<group>";
		};
		A5BF3DFE8D3224AB6C974F62 /* Pods */ = {
			isa = PBXGroup;
			children = (
				2637EE9F47CE3DE09E5F0D3E /* Pods-DarkskyAlquevaIOS.debug.xcconfig */,
				69E43BEF380239C7419B52C5 /* Pods-DarkskyAlquevaIOS.release.xcconfig */,
			);
			name = Pods;
			sourceTree = "<group>";
		};
		B13F46CF1D85ACE300FFB7CF /* SWRevealViewController */ = {
			isa = PBXGroup;
			children = (
				B13F46D11D85AD2600FFB7CF /* SWRevealViewController.h */,
				B13F46D21D85AD2600FFB7CF /* SWRevealViewController.m */,
				B13F46D01D85AD2600FFB7CF /* DarkskyAlquevaIOS-Bridging-Header.h */,
			);
			name = SWRevealViewController;
			sourceTree = "<group>";
		};
		B1516A6F1DAB0BF400F9D86D /* View */ = {
			isa = PBXGroup;
			children = (
				B1516A671DAAF61B00F9D86D /* PhenomenaTableViewCell.swift */,
				B1516A711DAB17B300F9D86D /* ConstellationTableViewCell.swift */,
				B1516A731DAB1C6600F9D86D /* ClothingTableViewCell.swift */,
			);
			name = View;
			sourceTree = "<group>";
		};
		B1516A701DAB0BFB00F9D86D /* Controller */ = {
			isa = PBXGroup;
			children = (
				B13F46CF1D85ACE300FFB7CF /* SWRevealViewController */,
				B1EF2D761D933B350064DCEC /* SlideMenuViewController.swift */,
				B1E9D2361D4B7C8600C9CC45 /* ViewController.swift */,
				B134FF7C1D96E21C00861AE5 /* MapViewController.swift */,
				B134FF801D96E26700861AE5 /* RouteViewController.swift */,
				B134FF7E1D96E24A00861AE5 /* InformationsViewController.swift */,
				B134FF821D96E31B00861AE5 /* AboutViewController.swift */,
				B1516A651DAA73BA00F9D86D /* PhenomenaTableViewController.swift */,
				B1516A6B1DAB0BD000F9D86D /* ClothingTableViewController.swift */,
				B1516A6D1DAB0BE600F9D86D /* ConstellationsTableViewController.swift */,
				B1516A751DAB2C3600F9D86D /* MoonViewController.swift */,
				37D3F0E11DAE62B400695D99 /* InterestPointViewController.swift */,
				B1CB15F41DB257D9008D983D /* PopoverViewController.swift */,
			);
			name = Controller;
			sourceTree = "<group>";
		};
		B15DEBD81D58BA9D00E42E6C /* Model */ = {
			isa = PBXGroup;
			children = (
				B1EA3F9A1DAC5378007C1F2C /* DatePickerDialog.swift */,
				B1FC7EF51D88DF5300000C61 /* AEXML */,
				B15DEBD91D58BB7F00E42E6C /* XmlReader.swift */,
				B1D7AD771D68A64200C8A6AF /* InterestPoint.swift */,
				B134960D1D7B8A49001427F4 /* Clothing.swift */,
				B134960F1D7B8CCB001427F4 /* Constellation.swift */,
				B13496111D7B8E4D001427F4 /* HeaderInfo.swift */,
				B13496131D7B913C001427F4 /* Phenomenon.swift */,
				B1516A791DAB319500F9D86D /* MoonCalculator.swift */,
				B187B5361DB38981005740DD /* StateControlData.swift */,
			);
			name = Model;
			sourceTree = "<group>";
		};
		B1E9D2281D4B7C8600C9CC45 = {
			isa = PBXGroup;
			children = (
				37F2E4161DAD1BC300344D3A /* Podfile */,
				B1E9D2331D4B7C8600C9CC45 /* DarkskyAlquevaIOS */,
				B1E9D2481D4B7C8600C9CC45 /* DarkskyAlquevaIOSTests */,
				B1E9D2531D4B7C8600C9CC45 /* DarkskyAlquevaIOSUITests */,
				B1E9D2321D4B7C8600C9CC45 /* Products */,
				A5BF3DFE8D3224AB6C974F62 /* Pods */,
				5DCFF4EC0BFBDA762D61F3E8 /* Frameworks */,
			);
			sourceTree = "<group>";
		};
		B1E9D2321D4B7C8600C9CC45 /* Products */ = {
			isa = PBXGroup;
			children = (
				B1E9D2311D4B7C8600C9CC45 /* DarkskyAlquevaIOS.app */,
				B1E9D2451D4B7C8600C9CC45 /* DarkskyAlquevaIOSTests.xctest */,
				B1E9D2501D4B7C8600C9CC45 /* DarkskyAlquevaIOSUITests.xctest */,
			);
			name = Products;
			sourceTree = "<group>";
		};
		B1E9D2331D4B7C8600C9CC45 /* DarkskyAlquevaIOS */ = {
			isa = PBXGroup;
			children = (
				B1516A701DAB0BFB00F9D86D /* Controller */,
				B1516A6F1DAB0BF400F9D86D /* View */,
				B15DEBD81D58BA9D00E42E6C /* Model */,
				B1E9D2341D4B7C8600C9CC45 /* AppDelegate.swift */,
				B14578DA1DB1C9BF00ADAE23 /* Main.storyboard */,
				B1E9D23D1D4B7C8600C9CC45 /* LaunchScreen.storyboard */,
				B1E9D23B1D4B7C8600C9CC45 /* Assets.xcassets */,
				B1E9D2401D4B7C8600C9CC45 /* Info.plist */,
				B1D481E51DBBCBA400096755 /* Localizable.strings */,
			);
			path = DarkskyAlquevaIOS;
			sourceTree = "<group>";
		};
		B1E9D2481D4B7C8600C9CC45 /* DarkskyAlquevaIOSTests */ = {
			isa = PBXGroup;
			children = (
				B1E9D2491D4B7C8600C9CC45 /* DarkskyAlquevaIOSTests.swift */,
				B1E9D24B1D4B7C8600C9CC45 /* Info.plist */,
			);
			path = DarkskyAlquevaIOSTests;
			sourceTree = "<group>";
		};
		B1E9D2531D4B7C8600C9CC45 /* DarkskyAlquevaIOSUITests */ = {
			isa = PBXGroup;
			children = (
				B1E9D2541D4B7C8600C9CC45 /* DarkskyAlquevaIOSUITests.swift */,
				B1E9D2561D4B7C8600C9CC45 /* Info.plist */,
			);
			path = DarkskyAlquevaIOSUITests;
			sourceTree = "<group>";
		};
		B1FC7EF51D88DF5300000C61 /* AEXML */ = {
			isa = PBXGroup;
			children = (
				B1FC7EF61D88DF8300000C61 /* Document.swift */,
				B1FC7EF71D88DF8300000C61 /* Element.swift */,
				B1FC7EF81D88DF8300000C61 /* Error.swift */,
				B1FC7EF91D88DF8300000C61 /* Options.swift */,
				B1FC7EFA1D88DF8300000C61 /* Parser.swift */,
			);
			name = AEXML;
			sourceTree = "<group>";
		};
/* End PBXGroup section */

/* Begin PBXNativeTarget section */
		B1E9D2301D4B7C8600C9CC45 /* DarkskyAlquevaIOS */ = {
			isa = PBXNativeTarget;
			buildConfigurationList = B1E9D2591D4B7C8600C9CC45 /* Build configuration list for PBXNativeTarget "DarkskyAlquevaIOS" */;
			buildPhases = (
				58FF2AF5F75230BB370AC639 /* [CP] Check Pods Manifest.lock */,
				B1E9D22D1D4B7C8600C9CC45 /* Sources */,
				B1E9D22E1D4B7C8600C9CC45 /* Frameworks */,
				B1E9D22F1D4B7C8600C9CC45 /* Resources */,
				D721A6E26DE443FD9E6B30B1 /* [CP] Embed Pods Frameworks */,
				FBB430BA797ED773869C8808 /* [CP] Copy Pods Resources */,
			);
			buildRules = (
			);
			dependencies = (
			);
			name = DarkskyAlquevaIOS;
			productName = DarkskyAlquevaIOS;
			productReference = B1E9D2311D4B7C8600C9CC45 /* DarkskyAlquevaIOS.app */;
			productType = "com.apple.product-type.application";
		};
		B1E9D2441D4B7C8600C9CC45 /* DarkskyAlquevaIOSTests */ = {
			isa = PBXNativeTarget;
			buildConfigurationList = B1E9D25C1D4B7C8600C9CC45 /* Build configuration list for PBXNativeTarget "DarkskyAlquevaIOSTests" */;
			buildPhases = (
				B1E9D2411D4B7C8600C9CC45 /* Sources */,
				B1E9D2421D4B7C8600C9CC45 /* Frameworks */,
				B1E9D2431D4B7C8600C9CC45 /* Resources */,
			);
			buildRules = (
			);
			dependencies = (
				B1E9D2471D4B7C8600C9CC45 /* PBXTargetDependency */,
			);
			name = DarkskyAlquevaIOSTests;
			productName = DarkskyAlquevaIOSTests;
			productReference = B1E9D2451D4B7C8600C9CC45 /* DarkskyAlquevaIOSTests.xctest */;
			productType = "com.apple.product-type.bundle.unit-test";
		};
		B1E9D24F1D4B7C8600C9CC45 /* DarkskyAlquevaIOSUITests */ = {
			isa = PBXNativeTarget;
			buildConfigurationList = B1E9D25F1D4B7C8600C9CC45 /* Build configuration list for PBXNativeTarget "DarkskyAlquevaIOSUITests" */;
			buildPhases = (
				B1E9D24C1D4B7C8600C9CC45 /* Sources */,
				B1E9D24D1D4B7C8600C9CC45 /* Frameworks */,
				B1E9D24E1D4B7C8600C9CC45 /* Resources */,
			);
			buildRules = (
			);
			dependencies = (
				B1E9D2521D4B7C8600C9CC45 /* PBXTargetDependency */,
			);
			name = DarkskyAlquevaIOSUITests;
			productName = DarkskyAlquevaIOSUITests;
			productReference = B1E9D2501D4B7C8600C9CC45 /* DarkskyAlquevaIOSUITests.xctest */;
			productType = "com.apple.product-type.bundle.ui-testing";
		};
/* End PBXNativeTarget section */

/* Begin PBXProject section */
		B1E9D2291D4B7C8600C9CC45 /* Project object */ = {
			isa = PBXProject;
			attributes = {
				LastSwiftUpdateCheck = 0730;
				LastUpgradeCheck = 0800;
				ORGANIZATIONNAME = "tiago ";
				TargetAttributes = {
					B1E9D2301D4B7C8600C9CC45 = {
						CreatedOnToolsVersion = 7.3.1;
						DevelopmentTeam = QQ3YT4NKS9;
						LastSwiftMigration = 0800;
					};
					B1E9D2441D4B7C8600C9CC45 = {
						CreatedOnToolsVersion = 7.3.1;
						LastSwiftMigration = 0800;
						TestTargetID = B1E9D2301D4B7C8600C9CC45;
					};
					B1E9D24F1D4B7C8600C9CC45 = {
						CreatedOnToolsVersion = 7.3.1;
						LastSwiftMigration = 0800;
						TestTargetID = B1E9D2301D4B7C8600C9CC45;
					};
				};
			};
			buildConfigurationList = B1E9D22C1D4B7C8600C9CC45 /* Build configuration list for PBXProject "DarkskyAlquevaIOS" */;
			compatibilityVersion = "Xcode 3.2";
			developmentRegion = English;
			hasScannedForEncodings = 0;
			knownRegions = (
				en,
				Base,
				"pt-PT",
				es,
			);
			mainGroup = B1E9D2281D4B7C8600C9CC45;
			productRefGroup = B1E9D2321D4B7C8600C9CC45 /* Products */;
			projectDirPath = "";
			projectRoot = "";
			targets = (
				B1E9D2301D4B7C8600C9CC45 /* DarkskyAlquevaIOS */,
				B1E9D2441D4B7C8600C9CC45 /* DarkskyAlquevaIOSTests */,
				B1E9D24F1D4B7C8600C9CC45 /* DarkskyAlquevaIOSUITests */,
			);
		};
/* End PBXProject section */

/* Begin PBXResourcesBuildPhase section */
		B1E9D22F1D4B7C8600C9CC45 /* Resources */ = {
			isa = PBXResourcesBuildPhase;
			buildActionMask = 2147483647;
			files = (
				B1D481E31DBBCBA400096755 /* Localizable.strings in Resources */,
				B1E9D23F1D4B7C8600C9CC45 /* LaunchScreen.storyboard in Resources */,
				B1E9D23C1D4B7C8600C9CC45 /* Assets.xcassets in Resources */,
				37F2E4171DAD1BC300344D3A /* Podfile in Resources */,
				B14578DC1DB1C9BF00ADAE23 /* Main.storyboard in Resources */,
			);
			runOnlyForDeploymentPostprocessing = 0;
		};
		B1E9D2431D4B7C8600C9CC45 /* Resources */ = {
			isa = PBXResourcesBuildPhase;
			buildActionMask = 2147483647;
			files = (
			);
			runOnlyForDeploymentPostprocessing = 0;
		};
		B1E9D24E1D4B7C8600C9CC45 /* Resources */ = {
			isa = PBXResourcesBuildPhase;
			buildActionMask = 2147483647;
			files = (
			);
			runOnlyForDeploymentPostprocessing = 0;
		};
/* End PBXResourcesBuildPhase section */

/* Begin PBXShellScriptBuildPhase section */
		58FF2AF5F75230BB370AC639 /* [CP] Check Pods Manifest.lock */ = {
			isa = PBXShellScriptBuildPhase;
			buildActionMask = 2147483647;
			files = (
			);
			inputPaths = (
			);
			name = "[CP] Check Pods Manifest.lock";
			outputPaths = (
			);
			runOnlyForDeploymentPostprocessing = 0;
			shellPath = /bin/sh;
			shellScript = "diff \"${PODS_ROOT}/../Podfile.lock\" \"${PODS_ROOT}/Manifest.lock\" > /dev/null\nif [[ $? != 0 ]] ; then\n    cat << EOM\nerror: The sandbox is not in sync with the Podfile.lock. Run 'pod install' or update your CocoaPods installation.\nEOM\n    exit 1\nfi\n";
			showEnvVarsInLog = 0;
		};
		D721A6E26DE443FD9E6B30B1 /* [CP] Embed Pods Frameworks */ = {
			isa = PBXShellScriptBuildPhase;
			buildActionMask = 2147483647;
			files = (
			);
			inputPaths = (
			);
			name = "[CP] Embed Pods Frameworks";
			outputPaths = (
			);
			runOnlyForDeploymentPostprocessing = 0;
			shellPath = /bin/sh;
			shellScript = "\"${SRCROOT}/Pods/Target Support Files/Pods-DarkskyAlquevaIOS/Pods-DarkskyAlquevaIOS-frameworks.sh\"\n";
			showEnvVarsInLog = 0;
		};
		FBB430BA797ED773869C8808 /* [CP] Copy Pods Resources */ = {
			isa = PBXShellScriptBuildPhase;
			buildActionMask = 2147483647;
			files = (
			);
			inputPaths = (
			);
			name = "[CP] Copy Pods Resources";
			outputPaths = (
			);
			runOnlyForDeploymentPostprocessing = 0;
			shellPath = /bin/sh;
			shellScript = "\"${SRCROOT}/Pods/Target Support Files/Pods-DarkskyAlquevaIOS/Pods-DarkskyAlquevaIOS-resources.sh\"\n";
			showEnvVarsInLog = 0;
		};
/* End PBXShellScriptBuildPhase section */

/* Begin PBXSourcesBuildPhase section */
		B1E9D22D1D4B7C8600C9CC45 /* Sources */ = {
			isa = PBXSourcesBuildPhase;
			buildActionMask = 2147483647;
			files = (
				B1516A761DAB2C3600F9D86D /* MoonViewController.swift in Sources */,
				B13496121D7B8E4D001427F4 /* HeaderInfo.swift in Sources */,
				B134960E1D7B8A49001427F4 /* Clothing.swift in Sources */,
				B1FC7EFE1D88DF8300000C61 /* Options.swift in Sources */,
				B134FF831D96E31B00861AE5 /* AboutViewController.swift in Sources */,
				B187B5371DB38981005740DD /* StateControlData.swift in Sources */,
				B1E9D2371D4B7C8600C9CC45 /* ViewController.swift in Sources */,
				B13496101D7B8CCB001427F4 /* Constellation.swift in Sources */,
				B1FC7EFD1D88DF8300000C61 /* Error.swift in Sources */,
				B1EA3F9B1DAC5378007C1F2C /* DatePickerDialog.swift in Sources */,
				B1516A741DAB1C6600F9D86D /* ClothingTableViewCell.swift in Sources */,
				B1FC7EFF1D88DF8300000C61 /* Parser.swift in Sources */,
				B1516A6C1DAB0BD000F9D86D /* ClothingTableViewController.swift in Sources */,
				B1FC7EFB1D88DF8300000C61 /* Document.swift in Sources */,
				37D3F0E21DAE62B400695D99 /* InterestPointViewController.swift in Sources */,
				B1516A721DAB17B300F9D86D /* ConstellationTableViewCell.swift in Sources */,
				B1E9D2351D4B7C8600C9CC45 /* AppDelegate.swift in Sources */,
				B1516A6E1DAB0BE600F9D86D /* ConstellationsTableViewController.swift in Sources */,
				B1FC7EFC1D88DF8300000C61 /* Element.swift in Sources */,
				B134FF7F1D96E24A00861AE5 /* InformationsViewController.swift in Sources */,
				B1EF2D771D933B350064DCEC /* SlideMenuViewController.swift in Sources */,
				B1D7AD781D68A64200C8A6AF /* InterestPoint.swift in Sources */,
				B1CB15F51DB257D9008D983D /* PopoverViewController.swift in Sources */,
				B134FF7D1D96E21C00861AE5 /* MapViewController.swift in Sources */,
				B13F46D31D85AD2600FFB7CF /* SWRevealViewController.m in Sources */,
				B1516A7A1DAB319500F9D86D /* MoonCalculator.swift in Sources */,
				B15DEBDA1D58BB7F00E42E6C /* XmlReader.swift in Sources */,
				B1516A661DAA73BA00F9D86D /* PhenomenaTableViewController.swift in Sources */,
				B1516A681DAAF61B00F9D86D /* PhenomenaTableViewCell.swift in Sources */,
				B134FF811D96E26700861AE5 /* RouteViewController.swift in Sources */,
				B13496141D7B913C001427F4 /* Phenomenon.swift in Sources */,
			);
			runOnlyForDeploymentPostprocessing = 0;
		};
		B1E9D2411D4B7C8600C9CC45 /* Sources */ = {
			isa = PBXSourcesBuildPhase;
			buildActionMask = 2147483647;
			files = (
				B1E9D24A1D4B7C8600C9CC45 /* DarkskyAlquevaIOSTests.swift in Sources */,
			);
			runOnlyForDeploymentPostprocessing = 0;
		};
		B1E9D24C1D4B7C8600C9CC45 /* Sources */ = {
			isa = PBXSourcesBuildPhase;
			buildActionMask = 2147483647;
			files = (
				B1E9D2551D4B7C8600C9CC45 /* DarkskyAlquevaIOSUITests.swift in Sources */,
			);
			runOnlyForDeploymentPostprocessing = 0;
		};
/* End PBXSourcesBuildPhase section */

/* Begin PBXTargetDependency section */
		B1E9D2471D4B7C8600C9CC45 /* PBXTargetDependency */ = {
			isa = PBXTargetDependency;
			target = B1E9D2301D4B7C8600C9CC45 /* DarkskyAlquevaIOS */;
			targetProxy = B1E9D2461D4B7C8600C9CC45 /* PBXContainerItemProxy */;
		};
		B1E9D2521D4B7C8600C9CC45 /* PBXTargetDependency */ = {
			isa = PBXTargetDependency;
			target = B1E9D2301D4B7C8600C9CC45 /* DarkskyAlquevaIOS */;
			targetProxy = B1E9D2511D4B7C8600C9CC45 /* PBXContainerItemProxy */;
		};
/* End PBXTargetDependency section */

/* Begin PBXVariantGroup section */
		B14578DA1DB1C9BF00ADAE23 /* Main.storyboard */ = {
			isa = PBXVariantGroup;
			children = (
				B14578DB1DB1C9BF00ADAE23 /* Base */,
				B17B85091DBAD842002FE60F /* pt-PT */,
				B1D481E11DBBCAA400096755 /* es */,
			);
			name = Main.storyboard;
			sourceTree = "<group>";
		};
		B1D481E51DBBCBA400096755 /* Localizable.strings */ = {
			isa = PBXVariantGroup;
			children = (
				B1D481E41DBBCBA400096755 /* Base */,
				B1D481E61DBBCBBD00096755 /* pt-PT */,
				B1D481E71DBBCBBF00096755 /* es */,
			);
			name = Localizable.strings;
			sourceTree = "<group>";
		};
		B1E9D23D1D4B7C8600C9CC45 /* LaunchScreen.storyboard */ = {
			isa = PBXVariantGroup;
			children = (
				B1E9D23E1D4B7C8600C9CC45 /* Base */,
				B17B850A1DBAD842002FE60F /* pt-PT */,
				B1D481E21DBBCAA400096755 /* es */,
			);
			name = LaunchScreen.storyboard;
			sourceTree = "<group>";
		};
/* End PBXVariantGroup section */

/* Begin XCBuildConfiguration section */
		B1E9D2571D4B7C8600C9CC45 /* Debug */ = {
			isa = XCBuildConfiguration;
			buildSettings = {
				ALWAYS_SEARCH_USER_PATHS = NO;
				CLANG_ANALYZER_LOCALIZABILITY_NONLOCALIZED = YES;
				CLANG_ANALYZER_NONNULL = YES;
				CLANG_CXX_LANGUAGE_STANDARD = "gnu++0x";
				CLANG_CXX_LIBRARY = "libc++";
				CLANG_ENABLE_MODULES = YES;
				CLANG_ENABLE_OBJC_ARC = YES;
				CLANG_WARN_BOOL_CONVERSION = YES;
				CLANG_WARN_CONSTANT_CONVERSION = YES;
				CLANG_WARN_DIRECT_OBJC_ISA_USAGE = YES_ERROR;
				CLANG_WARN_EMPTY_BODY = YES;
				CLANG_WARN_ENUM_CONVERSION = YES;
				CLANG_WARN_INFINITE_RECURSION = YES;
				CLANG_WARN_INT_CONVERSION = YES;
				CLANG_WARN_OBJC_ROOT_CLASS = YES_ERROR;
				CLANG_WARN_SUSPICIOUS_MOVE = YES;
				CLANG_WARN_UNREACHABLE_CODE = YES;
				CLANG_WARN__DUPLICATE_METHOD_MATCH = YES;
				"CODE_SIGN_IDENTITY[sdk=iphoneos*]" = "iPhone Developer";
				COPY_PHASE_STRIP = NO;
				DEBUG_INFORMATION_FORMAT = dwarf;
				ENABLE_STRICT_OBJC_MSGSEND = YES;
				ENABLE_TESTABILITY = YES;
				GCC_C_LANGUAGE_STANDARD = gnu99;
				GCC_DYNAMIC_NO_PIC = NO;
				GCC_NO_COMMON_BLOCKS = YES;
				GCC_OPTIMIZATION_LEVEL = 0;
				GCC_PREPROCESSOR_DEFINITIONS = (
					"DEBUG=1",
					"$(inherited)",
				);
				GCC_WARN_64_TO_32_BIT_CONVERSION = YES;
				GCC_WARN_ABOUT_RETURN_TYPE = YES_ERROR;
				GCC_WARN_UNDECLARED_SELECTOR = YES;
				GCC_WARN_UNINITIALIZED_AUTOS = YES_AGGRESSIVE;
				GCC_WARN_UNUSED_FUNCTION = YES;
				GCC_WARN_UNUSED_VARIABLE = YES;
				IPHONEOS_DEPLOYMENT_TARGET = 10.0;
				MTL_ENABLE_DEBUG_INFO = YES;
				ONLY_ACTIVE_ARCH = YES;
				SDKROOT = iphoneos;
				SWIFT_OPTIMIZATION_LEVEL = "-Onone";
				TARGETED_DEVICE_FAMILY = "1,2";
			};
			name = Debug;
		};
		B1E9D2581D4B7C8600C9CC45 /* Release */ = {
			isa = XCBuildConfiguration;
			buildSettings = {
				ALWAYS_SEARCH_USER_PATHS = NO;
				CLANG_ANALYZER_LOCALIZABILITY_NONLOCALIZED = YES;
				CLANG_ANALYZER_NONNULL = YES;
				CLANG_CXX_LANGUAGE_STANDARD = "gnu++0x";
				CLANG_CXX_LIBRARY = "libc++";
				CLANG_ENABLE_MODULES = YES;
				CLANG_ENABLE_OBJC_ARC = YES;
				CLANG_WARN_BOOL_CONVERSION = YES;
				CLANG_WARN_CONSTANT_CONVERSION = YES;
				CLANG_WARN_DIRECT_OBJC_ISA_USAGE = YES_ERROR;
				CLANG_WARN_EMPTY_BODY = YES;
				CLANG_WARN_ENUM_CONVERSION = YES;
				CLANG_WARN_INFINITE_RECURSION = YES;
				CLANG_WARN_INT_CONVERSION = YES;
				CLANG_WARN_OBJC_ROOT_CLASS = YES_ERROR;
				CLANG_WARN_SUSPICIOUS_MOVE = YES;
				CLANG_WARN_UNREACHABLE_CODE = YES;
				CLANG_WARN__DUPLICATE_METHOD_MATCH = YES;
				"CODE_SIGN_IDENTITY[sdk=iphoneos*]" = "iPhone Developer";
				COPY_PHASE_STRIP = NO;
				DEBUG_INFORMATION_FORMAT = "dwarf-with-dsym";
				ENABLE_NS_ASSERTIONS = NO;
				ENABLE_STRICT_OBJC_MSGSEND = YES;
				GCC_C_LANGUAGE_STANDARD = gnu99;
				GCC_NO_COMMON_BLOCKS = YES;
				GCC_WARN_64_TO_32_BIT_CONVERSION = YES;
				GCC_WARN_ABOUT_RETURN_TYPE = YES_ERROR;
				GCC_WARN_UNDECLARED_SELECTOR = YES;
				GCC_WARN_UNINITIALIZED_AUTOS = YES_AGGRESSIVE;
				GCC_WARN_UNUSED_FUNCTION = YES;
				GCC_WARN_UNUSED_VARIABLE = YES;
				IPHONEOS_DEPLOYMENT_TARGET = 10.0;
				MTL_ENABLE_DEBUG_INFO = NO;
				SDKROOT = iphoneos;
				SWIFT_OPTIMIZATION_LEVEL = "-Owholemodule";
				TARGETED_DEVICE_FAMILY = "1,2";
				VALIDATE_PRODUCT = YES;
			};
			name = Release;
		};
		B1E9D25A1D4B7C8600C9CC45 /* Debug */ = {
			isa = XCBuildConfiguration;
			baseConfigurationReference = 2637EE9F47CE3DE09E5F0D3E /* Pods-DarkskyAlquevaIOS.debug.xcconfig */;
			buildSettings = {
				ASSETCATALOG_COMPILER_APPICON_NAME = AppIcon;
				CLANG_ENABLE_MODULES = YES;
				CODE_SIGN_IDENTITY = "iPhone Developer";
				"CODE_SIGN_IDENTITY[sdk=iphoneos*]" = "iPhone Developer";
				INFOPLIST_FILE = DarkskyAlquevaIOS/Info.plist;
				LD_RUNPATH_SEARCH_PATHS = "$(inherited) @executable_path/Frameworks";
				PRODUCT_BUNDLE_IDENTIFIER = pt.ipbeja.estig.DarkskyAlquevaIOS;
				PRODUCT_NAME = "$(TARGET_NAME)";
				PROVISIONING_PROFILE = "";
				SWIFT_OBJC_BRIDGING_HEADER = "DarkskyAlquevaIOS/DarkskyAlquevaIOS-Bridging-Header.h";
				SWIFT_OPTIMIZATION_LEVEL = "-Onone";
				SWIFT_VERSION = 3.0;
			};
			name = Debug;
		};
		B1E9D25B1D4B7C8600C9CC45 /* Release */ = {
			isa = XCBuildConfiguration;
			baseConfigurationReference = 69E43BEF380239C7419B52C5 /* Pods-DarkskyAlquevaIOS.release.xcconfig */;
			buildSettings = {
				ASSETCATALOG_COMPILER_APPICON_NAME = AppIcon;
				CLANG_ENABLE_MODULES = YES;
				CODE_SIGN_IDENTITY = "iPhone Developer";
				"CODE_SIGN_IDENTITY[sdk=iphoneos*]" = "iPhone Developer";
				INFOPLIST_FILE = DarkskyAlquevaIOS/Info.plist;
				LD_RUNPATH_SEARCH_PATHS = "$(inherited) @executable_path/Frameworks";
				PRODUCT_BUNDLE_IDENTIFIER = pt.ipbeja.estig.DarkskyAlquevaIOS;
				PRODUCT_NAME = "$(TARGET_NAME)";
				PROVISIONING_PROFILE = "";
				SWIFT_OBJC_BRIDGING_HEADER = "DarkskyAlquevaIOS/DarkskyAlquevaIOS-Bridging-Header.h";
				SWIFT_VERSION = 3.0;
			};
			name = Release;
		};
		B1E9D25D1D4B7C8600C9CC45 /* Debug */ = {
			isa = XCBuildConfiguration;
			buildSettings = {
				BUNDLE_LOADER = "$(TEST_HOST)";
				INFOPLIST_FILE = DarkskyAlquevaIOSTests/Info.plist;
				LD_RUNPATH_SEARCH_PATHS = "$(inherited) @executable_path/Frameworks @loader_path/Frameworks";
				PRODUCT_BUNDLE_IDENTIFIER = pt.ipbeja.estig.DarkskyAlquevaIOSTests;
				PRODUCT_NAME = "$(TARGET_NAME)";
				SWIFT_VERSION = 3.0;
				TEST_HOST = "$(BUILT_PRODUCTS_DIR)/DarkskyAlquevaIOS.app/DarkskyAlquevaIOS";
			};
			name = Debug;
		};
		B1E9D25E1D4B7C8600C9CC45 /* Release */ = {
			isa = XCBuildConfiguration;
			buildSettings = {
				BUNDLE_LOADER = "$(TEST_HOST)";
				INFOPLIST_FILE = DarkskyAlquevaIOSTests/Info.plist;
				LD_RUNPATH_SEARCH_PATHS = "$(inherited) @executable_path/Frameworks @loader_path/Frameworks";
				PRODUCT_BUNDLE_IDENTIFIER = pt.ipbeja.estig.DarkskyAlquevaIOSTests;
				PRODUCT_NAME = "$(TARGET_NAME)";
				SWIFT_VERSION = 3.0;
				TEST_HOST = "$(BUILT_PRODUCTS_DIR)/DarkskyAlquevaIOS.app/DarkskyAlquevaIOS";
			};
			name = Release;
		};
		B1E9D2601D4B7C8600C9CC45 /* Debug */ = {
			isa = XCBuildConfiguration;
			buildSettings = {
				INFOPLIST_FILE = DarkskyAlquevaIOSUITests/Info.plist;
				LD_RUNPATH_SEARCH_PATHS = "$(inherited) @executable_path/Frameworks @loader_path/Frameworks";
				PRODUCT_BUNDLE_IDENTIFIER = pt.ipbeja.estig.DarkskyAlquevaIOSUITests;
				PRODUCT_NAME = "$(TARGET_NAME)";
				SWIFT_VERSION = 3.0;
				TEST_TARGET_NAME = DarkskyAlquevaIOS;
			};
			name = Debug;
		};
		B1E9D2611D4B7C8600C9CC45 /* Release */ = {
			isa = XCBuildConfiguration;
			buildSettings = {
				INFOPLIST_FILE = DarkskyAlquevaIOSUITests/Info.plist;
				LD_RUNPATH_SEARCH_PATHS = "$(inherited) @executable_path/Frameworks @loader_path/Frameworks";
				PRODUCT_BUNDLE_IDENTIFIER = pt.ipbeja.estig.DarkskyAlquevaIOSUITests;
				PRODUCT_NAME = "$(TARGET_NAME)";
				SWIFT_VERSION = 3.0;
				TEST_TARGET_NAME = DarkskyAlquevaIOS;
			};
			name = Release;
		};
/* End XCBuildConfiguration section */

/* Begin XCConfigurationList section */
		B1E9D22C1D4B7C8600C9CC45 /* Build configuration list for PBXProject "DarkskyAlquevaIOS" */ = {
			isa = XCConfigurationList;
			buildConfigurations = (
				B1E9D2571D4B7C8600C9CC45 /* Debug */,
				B1E9D2581D4B7C8600C9CC45 /* Release */,
			);
			defaultConfigurationIsVisible = 0;
			defaultConfigurationName = Release;
		};
		B1E9D2591D4B7C8600C9CC45 /* Build configuration list for PBXNativeTarget "DarkskyAlquevaIOS" */ = {
			isa = XCConfigurationList;
			buildConfigurations = (
				B1E9D25A1D4B7C8600C9CC45 /* Debug */,
				B1E9D25B1D4B7C8600C9CC45 /* Release */,
			);
			defaultConfigurationIsVisible = 0;
			defaultConfigurationName = Release;
		};
		B1E9D25C1D4B7C8600C9CC45 /* Build configuration list for PBXNativeTarget "DarkskyAlquevaIOSTests" */ = {
			isa = XCConfigurationList;
			buildConfigurations = (
				B1E9D25D1D4B7C8600C9CC45 /* Debug */,
				B1E9D25E1D4B7C8600C9CC45 /* Release */,
			);
			defaultConfigurationIsVisible = 0;
			defaultConfigurationName = Release;
		};
		B1E9D25F1D4B7C8600C9CC45 /* Build configuration list for PBXNativeTarget "DarkskyAlquevaIOSUITests" */ = {
			isa = XCConfigurationList;
			buildConfigurations = (
				B1E9D2601D4B7C8600C9CC45 /* Debug */,
				B1E9D2611D4B7C8600C9CC45 /* Release */,
			);
			defaultConfigurationIsVisible = 0;
			defaultConfigurationName = Release;
		};
/* End XCConfigurationList section */
	};
	rootObject = B1E9D2291D4B7C8600C9CC45 /* Project object */;
}
